// !$*UTF8*$!
{
	archiveVersion = 1;
	classes = {
	};
	objectVersion = 52;
	objects = {

/* Begin PBXBuildFile section */
		AB58CF1B249246C6003A86AC /* CategoryFormViewController.swift in Sources */ = {isa = PBXBuildFile; fileRef = AB58CF1A249246C6003A86AC /* CategoryFormViewController.swift */; };
		AB58CF1D249248BE003A86AC /* DetailFormContentView.swift in Sources */ = {isa = PBXBuildFile; fileRef = AB58CF1C249248BE003A86AC /* DetailFormContentView.swift */; };
		AB6CA8BD2497731600FE8AE4 /* DetailFormStackView.swift in Sources */ = {isa = PBXBuildFile; fileRef = AB6CA8BC2497731600FE8AE4 /* DetailFormStackView.swift */; };
		ABAD309A2499FBC100618753 /* IssueTrackerNetwork.swift in Sources */ = {isa = PBXBuildFile; fileRef = ABAD30992499FBC100618753 /* IssueTrackerNetwork.swift */; };
		ABAD309C2499FCE000618753 /* IssueTrackerNetworkimpl.swift in Sources */ = {isa = PBXBuildFile; fileRef = ABAD309B2499FCE000618753 /* IssueTrackerNetworkimpl.swift */; };
		ABAF6DF12490CFEA00E69418 /* KeyChainItem.swift in Sources */ = {isa = PBXBuildFile; fileRef = ABAF6DF02490CFEA00E69418 /* KeyChainItem.swift */; };
		ABAF6DFD2491F99300E69418 /* CategoryTableViewController.swift in Sources */ = {isa = PBXBuildFile; fileRef = ABAF6DFC2491F99300E69418 /* CategoryTableViewController.swift */; };
		ABAF6E002491FEAD00E69418 /* LabelTableViewCell.swift in Sources */ = {isa = PBXBuildFile; fileRef = ABAF6DFF2491FEAD00E69418 /* LabelTableViewCell.swift */; };
		ABAF6E042492038A00E69418 /* BadgeLabel.swift in Sources */ = {isa = PBXBuildFile; fileRef = ABAF6E032492038A00E69418 /* BadgeLabel.swift */; };
		AE5371252499F7AB00269F6B /* Endpoint.swift in Sources */ = {isa = PBXBuildFile; fileRef = AE5371242499F7AB00269F6B /* Endpoint.swift */; };
		AE8CA341248F75DE0076507B /* LoginViewController.swift in Sources */ = {isa = PBXBuildFile; fileRef = AE8CA340248F75DE0076507B /* LoginViewController.swift */; };
		AE8CA343248F77920076507B /* LoginButton.swift in Sources */ = {isa = PBXBuildFile; fileRef = AE8CA342248F77920076507B /* LoginButton.swift */; };
		AE8CA345248F7D4B0076507B /* Dependency.swift in Sources */ = {isa = PBXBuildFile; fileRef = AE8CA344248F7D4B0076507B /* Dependency.swift */; };
		AE8CA348248F7D6E0076507B /* SnapKit in Frameworks */ = {isa = PBXBuildFile; productRef = AE8CA347248F7D6E0076507B /* SnapKit */; };
		AE8CA3522490E0C60076507B /* UIControlSubscription.swift in Sources */ = {isa = PBXBuildFile; fileRef = AE8CA3512490E0C60076507B /* UIControlSubscription.swift */; };
		AE8CA3542490E2150076507B /* UIControlPublisher.swift in Sources */ = {isa = PBXBuildFile; fileRef = AE8CA3532490E2150076507B /* UIControlPublisher.swift */; };
		AE8CA3562490E2700076507B /* UIControl.swift in Sources */ = {isa = PBXBuildFile; fileRef = AE8CA3552490E2700076507B /* UIControl.swift */; };
		AE8CA35824920F6E0076507B /* TitleHeaderView.swift in Sources */ = {isa = PBXBuildFile; fileRef = AE8CA35724920F6E0076507B /* TitleHeaderView.swift */; };
		AE8CA35A24921E1B0076507B /* LabelTableViewController.swift in Sources */ = {isa = PBXBuildFile; fileRef = AE8CA35924921E1B0076507B /* LabelTableViewController.swift */; };
		AE8CA35D249224560076507B /* UIColor.swift in Sources */ = {isa = PBXBuildFile; fileRef = AE8CA35C249224560076507B /* UIColor.swift */; };
		AEAEA990248E0EDF005F4582 /* AppDelegate.swift in Sources */ = {isa = PBXBuildFile; fileRef = AEAEA98F248E0EDF005F4582 /* AppDelegate.swift */; };
		AEAEA992248E0EDF005F4582 /* SceneDelegate.swift in Sources */ = {isa = PBXBuildFile; fileRef = AEAEA991248E0EDF005F4582 /* SceneDelegate.swift */; };
		AEAEA997248E0EDF005F4582 /* Main.storyboard in Resources */ = {isa = PBXBuildFile; fileRef = AEAEA995248E0EDF005F4582 /* Main.storyboard */; };
		AEAEA99A248E0EDF005F4582 /* IssueTracker.xcdatamodeld in Sources */ = {isa = PBXBuildFile; fileRef = AEAEA998248E0EDF005F4582 /* IssueTracker.xcdatamodeld */; };
		AEAEA99C248E0EE1005F4582 /* Assets.xcassets in Resources */ = {isa = PBXBuildFile; fileRef = AEAEA99B248E0EE1005F4582 /* Assets.xcassets */; };
		AEAEA99F248E0EE1005F4582 /* LaunchScreen.storyboard in Resources */ = {isa = PBXBuildFile; fileRef = AEAEA99D248E0EE1005F4582 /* LaunchScreen.storyboard */; };
		AEAEA9AA248E0EE1005F4582 /* IssueTrackerTests.swift in Sources */ = {isa = PBXBuildFile; fileRef = AEAEA9A9248E0EE1005F4582 /* IssueTrackerTests.swift */; };
		AEE5973224988C6600F5C622 /* CreateLabelViewController.swift in Sources */ = {isa = PBXBuildFile; fileRef = AEE5973124988C6600F5C622 /* CreateLabelViewController.swift */; };
		AEE597362498925100F5C622 /* SaveButton.swift in Sources */ = {isa = PBXBuildFile; fileRef = AEE597352498925100F5C622 /* SaveButton.swift */; };
		AEE597382498952300F5C622 /* ColorView.swift in Sources */ = {isa = PBXBuildFile; fileRef = AEE597372498952300F5C622 /* ColorView.swift */; };
/* End PBXBuildFile section */

/* Begin PBXContainerItemProxy section */
		AEAEA9A6248E0EE1005F4582 /* PBXContainerItemProxy */ = {
			isa = PBXContainerItemProxy;
			containerPortal = AEAEA984248E0EDF005F4582 /* Project object */;
			proxyType = 1;
			remoteGlobalIDString = AEAEA98B248E0EDF005F4582;
			remoteInfo = IssueTracker;
		};
/* End PBXContainerItemProxy section */

/* Begin PBXFileReference section */
		AB58CF1A249246C6003A86AC /* CategoryFormViewController.swift */ = {isa = PBXFileReference; lastKnownFileType = sourcecode.swift; path = CategoryFormViewController.swift; sourceTree = "<group>"; };
		AB58CF1C249248BE003A86AC /* DetailFormContentView.swift */ = {isa = PBXFileReference; lastKnownFileType = sourcecode.swift; path = DetailFormContentView.swift; sourceTree = "<group>"; };
		AB6CA8BC2497731600FE8AE4 /* DetailFormStackView.swift */ = {isa = PBXFileReference; lastKnownFileType = sourcecode.swift; path = DetailFormStackView.swift; sourceTree = "<group>"; };
		ABAD30992499FBC100618753 /* IssueTrackerNetwork.swift */ = {isa = PBXFileReference; lastKnownFileType = sourcecode.swift; path = IssueTrackerNetwork.swift; sourceTree = "<group>"; };
		ABAD309B2499FCE000618753 /* IssueTrackerNetworkimpl.swift */ = {isa = PBXFileReference; lastKnownFileType = sourcecode.swift; path = IssueTrackerNetworkimpl.swift; sourceTree = "<group>"; };
		ABAF6DF02490CFEA00E69418 /* KeyChainItem.swift */ = {isa = PBXFileReference; lastKnownFileType = sourcecode.swift; path = KeyChainItem.swift; sourceTree = "<group>"; };
		ABAF6DFC2491F99300E69418 /* CategoryTableViewController.swift */ = {isa = PBXFileReference; lastKnownFileType = sourcecode.swift; path = CategoryTableViewController.swift; sourceTree = "<group>"; };
		ABAF6DFF2491FEAD00E69418 /* LabelTableViewCell.swift */ = {isa = PBXFileReference; lastKnownFileType = sourcecode.swift; path = LabelTableViewCell.swift; sourceTree = "<group>"; };
		ABAF6E032492038A00E69418 /* BadgeLabel.swift */ = {isa = PBXFileReference; lastKnownFileType = sourcecode.swift; path = BadgeLabel.swift; sourceTree = "<group>"; };
		AE5371242499F7AB00269F6B /* Endpoint.swift */ = {isa = PBXFileReference; lastKnownFileType = sourcecode.swift; path = Endpoint.swift; sourceTree = "<group>"; };
		AE8CA340248F75DE0076507B /* LoginViewController.swift */ = {isa = PBXFileReference; lastKnownFileType = sourcecode.swift; path = LoginViewController.swift; sourceTree = "<group>"; };
		AE8CA342248F77920076507B /* LoginButton.swift */ = {isa = PBXFileReference; lastKnownFileType = sourcecode.swift; path = LoginButton.swift; sourceTree = "<group>"; };
		AE8CA344248F7D4B0076507B /* Dependency.swift */ = {isa = PBXFileReference; lastKnownFileType = sourcecode.swift; path = Dependency.swift; sourceTree = "<group>"; };
		AE8CA3512490E0C60076507B /* UIControlSubscription.swift */ = {isa = PBXFileReference; lastKnownFileType = sourcecode.swift; name = UIControlSubscription.swift; path = IssueTracker/Supports/UIControlSubscription.swift; sourceTree = SOURCE_ROOT; };
		AE8CA3532490E2150076507B /* UIControlPublisher.swift */ = {isa = PBXFileReference; lastKnownFileType = sourcecode.swift; name = UIControlPublisher.swift; path = IssueTracker/Supports/UIControlPublisher.swift; sourceTree = SOURCE_ROOT; };
		AE8CA3552490E2700076507B /* UIControl.swift */ = {isa = PBXFileReference; lastKnownFileType = sourcecode.swift; name = UIControl.swift; path = IssueTracker/Supports/UIControl.swift; sourceTree = SOURCE_ROOT; };
		AE8CA35724920F6E0076507B /* TitleHeaderView.swift */ = {isa = PBXFileReference; lastKnownFileType = sourcecode.swift; name = TitleHeaderView.swift; path = IssueTracker/Reusable/TableView/TitleHeaderView.swift; sourceTree = SOURCE_ROOT; };
		AE8CA35924921E1B0076507B /* LabelTableViewController.swift */ = {isa = PBXFileReference; lastKnownFileType = sourcecode.swift; name = LabelTableViewController.swift; path = IssueTracker/Supports/LabelTableViewController.swift; sourceTree = SOURCE_ROOT; };
		AE8CA35C249224560076507B /* UIColor.swift */ = {isa = PBXFileReference; lastKnownFileType = sourcecode.swift; name = UIColor.swift; path = IssueTracker/Supports/Extension/UIKit/UIColor.swift; sourceTree = SOURCE_ROOT; };
		AEAEA98C248E0EDF005F4582 /* IssueTracker.app */ = {isa = PBXFileReference; explicitFileType = wrapper.application; includeInIndex = 0; path = IssueTracker.app; sourceTree = BUILT_PRODUCTS_DIR; };
		AEAEA98F248E0EDF005F4582 /* AppDelegate.swift */ = {isa = PBXFileReference; lastKnownFileType = sourcecode.swift; path = AppDelegate.swift; sourceTree = "<group>"; };
		AEAEA991248E0EDF005F4582 /* SceneDelegate.swift */ = {isa = PBXFileReference; lastKnownFileType = sourcecode.swift; path = SceneDelegate.swift; sourceTree = "<group>"; };
		AEAEA996248E0EDF005F4582 /* Base */ = {isa = PBXFileReference; lastKnownFileType = file.storyboard; name = Base; path = Base.lproj/Main.storyboard; sourceTree = "<group>"; };
		AEAEA999248E0EDF005F4582 /* IssueTracker.xcdatamodel */ = {isa = PBXFileReference; lastKnownFileType = wrapper.xcdatamodel; path = IssueTracker.xcdatamodel; sourceTree = "<group>"; };
		AEAEA99B248E0EE1005F4582 /* Assets.xcassets */ = {isa = PBXFileReference; lastKnownFileType = folder.assetcatalog; path = Assets.xcassets; sourceTree = "<group>"; };
		AEAEA99E248E0EE1005F4582 /* Base */ = {isa = PBXFileReference; lastKnownFileType = file.storyboard; name = Base; path = Base.lproj/LaunchScreen.storyboard; sourceTree = "<group>"; };
		AEAEA9A0248E0EE1005F4582 /* Info.plist */ = {isa = PBXFileReference; lastKnownFileType = text.plist.xml; path = Info.plist; sourceTree = "<group>"; };
		AEAEA9A5248E0EE1005F4582 /* IssueTrackerTests.xctest */ = {isa = PBXFileReference; explicitFileType = wrapper.cfbundle; includeInIndex = 0; path = IssueTrackerTests.xctest; sourceTree = BUILT_PRODUCTS_DIR; };
		AEAEA9A9248E0EE1005F4582 /* IssueTrackerTests.swift */ = {isa = PBXFileReference; lastKnownFileType = sourcecode.swift; path = IssueTrackerTests.swift; sourceTree = "<group>"; };
		AEAEA9AB248E0EE1005F4582 /* Info.plist */ = {isa = PBXFileReference; lastKnownFileType = text.plist.xml; path = Info.plist; sourceTree = "<group>"; };
		AEE5973124988C6600F5C622 /* CreateLabelViewController.swift */ = {isa = PBXFileReference; lastKnownFileType = sourcecode.swift; path = CreateLabelViewController.swift; sourceTree = "<group>"; };
		AEE597352498925100F5C622 /* SaveButton.swift */ = {isa = PBXFileReference; lastKnownFileType = sourcecode.swift; path = SaveButton.swift; sourceTree = "<group>"; };
		AEE597372498952300F5C622 /* ColorView.swift */ = {isa = PBXFileReference; lastKnownFileType = sourcecode.swift; path = ColorView.swift; sourceTree = "<group>"; };
/* End PBXFileReference section */

/* Begin PBXFrameworksBuildPhase section */
		AEAEA989248E0EDF005F4582 /* Frameworks */ = {
			isa = PBXFrameworksBuildPhase;
			buildActionMask = 2147483647;
			files = (
				AE8CA348248F7D6E0076507B /* SnapKit in Frameworks */,
			);
			runOnlyForDeploymentPostprocessing = 0;
		};
		AEAEA9A2248E0EE1005F4582 /* Frameworks */ = {
			isa = PBXFrameworksBuildPhase;
			buildActionMask = 2147483647;
			files = (
			);
			runOnlyForDeploymentPostprocessing = 0;
		};
/* End PBXFrameworksBuildPhase section */

/* Begin PBXGroup section */
		AB58CF18249246A6003A86AC /* TableView */ = {
			isa = PBXGroup;
			children = (
				ABAF6DFC2491F99300E69418 /* CategoryTableViewController.swift */,
				AE8CA35724920F6E0076507B /* TitleHeaderView.swift */,
			);
			path = TableView;
			sourceTree = "<group>";
		};
		AB58CF19249246B4003A86AC /* DetailView */ = {
			isa = PBXGroup;
			children = (
				AB58CF1A249246C6003A86AC /* CategoryFormViewController.swift */,
				AB58CF1C249248BE003A86AC /* DetailFormContentView.swift */,
				AB6CA8BC2497731600FE8AE4 /* DetailFormStackView.swift */,
			);
			path = DetailView;
			sourceTree = "<group>";
		};
		ABAF6DF92491F8E600E69418 /* Reusable */ = {
			isa = PBXGroup;
			children = (
				ABAF6E032492038A00E69418 /* BadgeLabel.swift */,
				AEE597352498925100F5C622 /* SaveButton.swift */,
				AB58CF19249246B4003A86AC /* DetailView */,
				AB58CF18249246A6003A86AC /* TableView */,
			);
			path = Reusable;
			sourceTree = "<group>";
		};
		ABAF6DFE2491FE7200E69418 /* Badge */ = {
			isa = PBXGroup;
			children = (
				AEE5973024988C5000F5C622 /* CreateBadge */,
				ABAF6DFF2491FEAD00E69418 /* LabelTableViewCell.swift */,
				AE8CA35924921E1B0076507B /* LabelTableViewController.swift */,
			);
			path = Badge;
			sourceTree = "<group>";
		};
		AE5371232499F79C00269F6B /* Network */ = {
			isa = PBXGroup;
			children = (
				AE5371242499F7AB00269F6B /* Endpoint.swift */,
				ABAD30992499FBC100618753 /* IssueTrackerNetwork.swift */,
				ABAD309B2499FCE000618753 /* IssueTrackerNetworkimpl.swift */,
			);
			path = Network;
			sourceTree = "<group>";
		};
		AE8CA33E248F755F0076507B /* Supports */ = {
			isa = PBXGroup;
			children = (
				AE8CA35B249224450076507B /* Extension */,
				AEAEA98F248E0EDF005F4582 /* AppDelegate.swift */,
				AEAEA991248E0EDF005F4582 /* SceneDelegate.swift */,
				AEAEA99B248E0EE1005F4582 /* Assets.xcassets */,
				AEAEA99D248E0EE1005F4582 /* LaunchScreen.storyboard */,
				AEAEA9A0248E0EE1005F4582 /* Info.plist */,
				AE8CA344248F7D4B0076507B /* Dependency.swift */,
				ABAF6DF02490CFEA00E69418 /* KeyChainItem.swift */,
			);
			path = Supports;
			sourceTree = "<group>";
		};
		AE8CA33F248F75D00076507B /* Login */ = {
			isa = PBXGroup;
			children = (
				AE8CA340248F75DE0076507B /* LoginViewController.swift */,
				AE8CA342248F77920076507B /* LoginButton.swift */,
			);
			path = Login;
			sourceTree = "<group>";
		};
		AE8CA3502490E09F0076507B /* Combine */ = {
			isa = PBXGroup;
			children = (
				AE8CA3512490E0C60076507B /* UIControlSubscription.swift */,
				AE8CA3552490E2700076507B /* UIControl.swift */,
				AE8CA3532490E2150076507B /* UIControlPublisher.swift */,
			);
			path = Combine;
			sourceTree = "<group>";
		};
		AE8CA35B249224450076507B /* Extension */ = {
			isa = PBXGroup;
			children = (
				AE8CA35E249224640076507B /* UIKit */,
				AE8CA3502490E09F0076507B /* Combine */,
			);
			path = Extension;
			sourceTree = "<group>";
		};
		AE8CA35E249224640076507B /* UIKit */ = {
			isa = PBXGroup;
			children = (
				AE8CA35C249224560076507B /* UIColor.swift */,
			);
			path = UIKit;
			sourceTree = "<group>";
		};
		AEAEA983248E0EDF005F4582 = {
			isa = PBXGroup;
			children = (
				AEAEA98E248E0EDF005F4582 /* IssueTracker */,
				AEAEA9A8248E0EE1005F4582 /* IssueTrackerTests */,
				AEAEA98D248E0EDF005F4582 /* Products */,
			);
			sourceTree = "<group>";
		};
		AEAEA98D248E0EDF005F4582 /* Products */ = {
			isa = PBXGroup;
			children = (
				AEAEA98C248E0EDF005F4582 /* IssueTracker.app */,
				AEAEA9A5248E0EE1005F4582 /* IssueTrackerTests.xctest */,
			);
			name = Products;
			sourceTree = "<group>";
		};
		AEAEA98E248E0EDF005F4582 /* IssueTracker */ = {
			isa = PBXGroup;
			children = (
				AE5371232499F79C00269F6B /* Network */,
				ABAF6DF92491F8E600E69418 /* Reusable */,
				ABAF6DFE2491FE7200E69418 /* Badge */,
				AE8CA33F248F75D00076507B /* Login */,
				AE8CA33E248F755F0076507B /* Supports */,
				AEAEA995248E0EDF005F4582 /* Main.storyboard */,
				AEAEA998248E0EDF005F4582 /* IssueTracker.xcdatamodeld */,
			);
			path = IssueTracker;
			sourceTree = "<group>";
		};
		AEAEA9A8248E0EE1005F4582 /* IssueTrackerTests */ = {
			isa = PBXGroup;
			children = (
				AEAEA9A9248E0EE1005F4582 /* IssueTrackerTests.swift */,
				AEAEA9AB248E0EE1005F4582 /* Info.plist */,
			);
			path = IssueTrackerTests;
			sourceTree = "<group>";
		};
		AEE5973024988C5000F5C622 /* CreateBadge */ = {
			isa = PBXGroup;
			children = (
				AEE5973124988C6600F5C622 /* CreateLabelViewController.swift */,
				AEE597372498952300F5C622 /* ColorView.swift */,
			);
			path = CreateBadge;
			sourceTree = "<group>";
		};
/* End PBXGroup section */

/* Begin PBXNativeTarget section */
		AEAEA98B248E0EDF005F4582 /* IssueTracker */ = {
			isa = PBXNativeTarget;
			buildConfigurationList = AEAEA9AE248E0EE1005F4582 /* Build configuration list for PBXNativeTarget "IssueTracker" */;
			buildPhases = (
				AEAEA988248E0EDF005F4582 /* Sources */,
				AEAEA989248E0EDF005F4582 /* Frameworks */,
				AEAEA98A248E0EDF005F4582 /* Resources */,
			);
			buildRules = (
			);
			dependencies = (
			);
			name = IssueTracker;
			packageProductDependencies = (
				AE8CA347248F7D6E0076507B /* SnapKit */,
			);
			productName = IssueTracker;
			productReference = AEAEA98C248E0EDF005F4582 /* IssueTracker.app */;
			productType = "com.apple.product-type.application";
		};
		AEAEA9A4248E0EE1005F4582 /* IssueTrackerTests */ = {
			isa = PBXNativeTarget;
			buildConfigurationList = AEAEA9B1248E0EE1005F4582 /* Build configuration list for PBXNativeTarget "IssueTrackerTests" */;
			buildPhases = (
				AEAEA9A1248E0EE1005F4582 /* Sources */,
				AEAEA9A2248E0EE1005F4582 /* Frameworks */,
				AEAEA9A3248E0EE1005F4582 /* Resources */,
			);
			buildRules = (
			);
			dependencies = (
				AEAEA9A7248E0EE1005F4582 /* PBXTargetDependency */,
			);
			name = IssueTrackerTests;
			productName = IssueTrackerTests;
			productReference = AEAEA9A5248E0EE1005F4582 /* IssueTrackerTests.xctest */;
			productType = "com.apple.product-type.bundle.unit-test";
		};
/* End PBXNativeTarget section */

/* Begin PBXProject section */
		AEAEA984248E0EDF005F4582 /* Project object */ = {
			isa = PBXProject;
			attributes = {
				LastSwiftUpdateCheck = 1150;
				LastUpgradeCheck = 1150;
				ORGANIZATIONNAME = Cloud;
				TargetAttributes = {
					AEAEA98B248E0EDF005F4582 = {
						CreatedOnToolsVersion = 11.5;
					};
					AEAEA9A4248E0EE1005F4582 = {
						CreatedOnToolsVersion = 11.5;
						TestTargetID = AEAEA98B248E0EDF005F4582;
					};
				};
			};
			buildConfigurationList = AEAEA987248E0EDF005F4582 /* Build configuration list for PBXProject "IssueTracker" */;
			compatibilityVersion = "Xcode 9.3";
			developmentRegion = en;
			hasScannedForEncodings = 0;
			knownRegions = (
				en,
				Base,
			);
			mainGroup = AEAEA983248E0EDF005F4582;
			packageReferences = (
				AE8CA346248F7D6E0076507B /* XCRemoteSwiftPackageReference "SnapKit" */,
			);
			productRefGroup = AEAEA98D248E0EDF005F4582 /* Products */;
			projectDirPath = "";
			projectRoot = "";
			targets = (
				AEAEA98B248E0EDF005F4582 /* IssueTracker */,
				AEAEA9A4248E0EE1005F4582 /* IssueTrackerTests */,
			);
		};
/* End PBXProject section */

/* Begin PBXResourcesBuildPhase section */
		AEAEA98A248E0EDF005F4582 /* Resources */ = {
			isa = PBXResourcesBuildPhase;
			buildActionMask = 2147483647;
			files = (
				AEAEA99F248E0EE1005F4582 /* LaunchScreen.storyboard in Resources */,
				AEAEA99C248E0EE1005F4582 /* Assets.xcassets in Resources */,
				AEAEA997248E0EDF005F4582 /* Main.storyboard in Resources */,
			);
			runOnlyForDeploymentPostprocessing = 0;
		};
		AEAEA9A3248E0EE1005F4582 /* Resources */ = {
			isa = PBXResourcesBuildPhase;
			buildActionMask = 2147483647;
			files = (
			);
			runOnlyForDeploymentPostprocessing = 0;
		};
/* End PBXResourcesBuildPhase section */

/* Begin PBXSourcesBuildPhase section */
		AEAEA988248E0EDF005F4582 /* Sources */ = {
			isa = PBXSourcesBuildPhase;
			buildActionMask = 2147483647;
			files = (
				AB58CF1B249246C6003A86AC /* CategoryFormViewController.swift in Sources */,
				AE8CA345248F7D4B0076507B /* Dependency.swift in Sources */,
				AE8CA3562490E2700076507B /* UIControl.swift in Sources */,
				ABAF6E002491FEAD00E69418 /* LabelTableViewCell.swift in Sources */,
				ABAF6DF12490CFEA00E69418 /* KeyChainItem.swift in Sources */,
				AE8CA3522490E0C60076507B /* UIControlSubscription.swift in Sources */,
				ABAD309C2499FCE000618753 /* IssueTrackerNetworkimpl.swift in Sources */,
				AE8CA35D249224560076507B /* UIColor.swift in Sources */,
				AB58CF1D249248BE003A86AC /* DetailFormContentView.swift in Sources */,
				ABAF6E042492038A00E69418 /* BadgeLabel.swift in Sources */,
				AE8CA343248F77920076507B /* LoginButton.swift in Sources */,
				ABAF6DFD2491F99300E69418 /* CategoryTableViewController.swift in Sources */,
				AE8CA35824920F6E0076507B /* TitleHeaderView.swift in Sources */,
				AE8CA35A24921E1B0076507B /* LabelTableViewController.swift in Sources */,
				AE8CA341248F75DE0076507B /* LoginViewController.swift in Sources */,
				AEE5973224988C6600F5C622 /* CreateLabelViewController.swift in Sources */,
				AEAEA990248E0EDF005F4582 /* AppDelegate.swift in Sources */,
				AEAEA99A248E0EDF005F4582 /* IssueTracker.xcdatamodeld in Sources */,
				AE5371252499F7AB00269F6B /* Endpoint.swift in Sources */,
				AEE597362498925100F5C622 /* SaveButton.swift in Sources */,
				ABAD309A2499FBC100618753 /* IssueTrackerNetwork.swift in Sources */,
				AEAEA992248E0EDF005F4582 /* SceneDelegate.swift in Sources */,
				AE8CA3542490E2150076507B /* UIControlPublisher.swift in Sources */,
				AB6CA8BD2497731600FE8AE4 /* DetailFormStackView.swift in Sources */,
				AEE597382498952300F5C622 /* ColorView.swift in Sources */,
			);
			runOnlyForDeploymentPostprocessing = 0;
		};
		AEAEA9A1248E0EE1005F4582 /* Sources */ = {
			isa = PBXSourcesBuildPhase;
			buildActionMask = 2147483647;
			files = (
				AEAEA9AA248E0EE1005F4582 /* IssueTrackerTests.swift in Sources */,
			);
			runOnlyForDeploymentPostprocessing = 0;
		};
/* End PBXSourcesBuildPhase section */

/* Begin PBXTargetDependency section */
		AEAEA9A7248E0EE1005F4582 /* PBXTargetDependency */ = {
			isa = PBXTargetDependency;
			target = AEAEA98B248E0EDF005F4582 /* IssueTracker */;
			targetProxy = AEAEA9A6248E0EE1005F4582 /* PBXContainerItemProxy */;
		};
/* End PBXTargetDependency section */

/* Begin PBXVariantGroup section */
		AEAEA995248E0EDF005F4582 /* Main.storyboard */ = {
			isa = PBXVariantGroup;
			children = (
				AEAEA996248E0EDF005F4582 /* Base */,
			);
			name = Main.storyboard;
			sourceTree = "<group>";
		};
		AEAEA99D248E0EE1005F4582 /* LaunchScreen.storyboard */ = {
			isa = PBXVariantGroup;
			children = (
				AEAEA99E248E0EE1005F4582 /* Base */,
			);
			name = LaunchScreen.storyboard;
			sourceTree = "<group>";
		};
/* End PBXVariantGroup section */

/* Begin XCBuildConfiguration section */
		AEAEA9AC248E0EE1005F4582 /* Debug */ = {
			isa = XCBuildConfiguration;
			buildSettings = {
				ALWAYS_SEARCH_USER_PATHS = NO;
				CLANG_ANALYZER_NONNULL = YES;
				CLANG_ANALYZER_NUMBER_OBJECT_CONVERSION = YES_AGGRESSIVE;
				CLANG_CXX_LANGUAGE_STANDARD = "gnu++14";
				CLANG_CXX_LIBRARY = "libc++";
				CLANG_ENABLE_MODULES = YES;
				CLANG_ENABLE_OBJC_ARC = YES;
				CLANG_ENABLE_OBJC_WEAK = YES;
				CLANG_WARN_BLOCK_CAPTURE_AUTORELEASING = YES;
				CLANG_WARN_BOOL_CONVERSION = YES;
				CLANG_WARN_COMMA = YES;
				CLANG_WARN_CONSTANT_CONVERSION = YES;
				CLANG_WARN_DEPRECATED_OBJC_IMPLEMENTATIONS = YES;
				CLANG_WARN_DIRECT_OBJC_ISA_USAGE = YES_ERROR;
				CLANG_WARN_DOCUMENTATION_COMMENTS = YES;
				CLANG_WARN_EMPTY_BODY = YES;
				CLANG_WARN_ENUM_CONVERSION = YES;
				CLANG_WARN_INFINITE_RECURSION = YES;
				CLANG_WARN_INT_CONVERSION = YES;
				CLANG_WARN_NON_LITERAL_NULL_CONVERSION = YES;
				CLANG_WARN_OBJC_IMPLICIT_RETAIN_SELF = YES;
				CLANG_WARN_OBJC_LITERAL_CONVERSION = YES;
				CLANG_WARN_OBJC_ROOT_CLASS = YES_ERROR;
				CLANG_WARN_RANGE_LOOP_ANALYSIS = YES;
				CLANG_WARN_STRICT_PROTOTYPES = YES;
				CLANG_WARN_SUSPICIOUS_MOVE = YES;
				CLANG_WARN_UNGUARDED_AVAILABILITY = YES_AGGRESSIVE;
				CLANG_WARN_UNREACHABLE_CODE = YES;
				CLANG_WARN__DUPLICATE_METHOD_MATCH = YES;
				COPY_PHASE_STRIP = NO;
				DEBUG_INFORMATION_FORMAT = dwarf;
				ENABLE_STRICT_OBJC_MSGSEND = YES;
				ENABLE_TESTABILITY = YES;
				GCC_C_LANGUAGE_STANDARD = gnu11;
				GCC_DYNAMIC_NO_PIC = NO;
				GCC_NO_COMMON_BLOCKS = YES;
				GCC_OPTIMIZATION_LEVEL = 0;
				GCC_PREPROCESSOR_DEFINITIONS = (
					"DEBUG=1",
					"$(inherited)",
				);
				GCC_WARN_64_TO_32_BIT_CONVERSION = YES;
				GCC_WARN_ABOUT_RETURN_TYPE = YES_ERROR;
				GCC_WARN_UNDECLARED_SELECTOR = YES;
				GCC_WARN_UNINITIALIZED_AUTOS = YES_AGGRESSIVE;
				GCC_WARN_UNUSED_FUNCTION = YES;
				GCC_WARN_UNUSED_VARIABLE = YES;
				IPHONEOS_DEPLOYMENT_TARGET = 13.5;
				MTL_ENABLE_DEBUG_INFO = INCLUDE_SOURCE;
				MTL_FAST_MATH = YES;
				ONLY_ACTIVE_ARCH = YES;
				SDKROOT = iphoneos;
				SWIFT_ACTIVE_COMPILATION_CONDITIONS = DEBUG;
				SWIFT_OPTIMIZATION_LEVEL = "-Onone";
			};
			name = Debug;
		};
		AEAEA9AD248E0EE1005F4582 /* Release */ = {
			isa = XCBuildConfiguration;
			buildSettings = {
				ALWAYS_SEARCH_USER_PATHS = NO;
				CLANG_ANALYZER_NONNULL = YES;
				CLANG_ANALYZER_NUMBER_OBJECT_CONVERSION = YES_AGGRESSIVE;
				CLANG_CXX_LANGUAGE_STANDARD = "gnu++14";
				CLANG_CXX_LIBRARY = "libc++";
				CLANG_ENABLE_MODULES = YES;
				CLANG_ENABLE_OBJC_ARC = YES;
				CLANG_ENABLE_OBJC_WEAK = YES;
				CLANG_WARN_BLOCK_CAPTURE_AUTORELEASING = YES;
				CLANG_WARN_BOOL_CONVERSION = YES;
				CLANG_WARN_COMMA = YES;
				CLANG_WARN_CONSTANT_CONVERSION = YES;
				CLANG_WARN_DEPRECATED_OBJC_IMPLEMENTATIONS = YES;
				CLANG_WARN_DIRECT_OBJC_ISA_USAGE = YES_ERROR;
				CLANG_WARN_DOCUMENTATION_COMMENTS = YES;
				CLANG_WARN_EMPTY_BODY = YES;
				CLANG_WARN_ENUM_CONVERSION = YES;
				CLANG_WARN_INFINITE_RECURSION = YES;
				CLANG_WARN_INT_CONVERSION = YES;
				CLANG_WARN_NON_LITERAL_NULL_CONVERSION = YES;
				CLANG_WARN_OBJC_IMPLICIT_RETAIN_SELF = YES;
				CLANG_WARN_OBJC_LITERAL_CONVERSION = YES;
				CLANG_WARN_OBJC_ROOT_CLASS = YES_ERROR;
				CLANG_WARN_RANGE_LOOP_ANALYSIS = YES;
				CLANG_WARN_STRICT_PROTOTYPES = YES;
				CLANG_WARN_SUSPICIOUS_MOVE = YES;
				CLANG_WARN_UNGUARDED_AVAILABILITY = YES_AGGRESSIVE;
				CLANG_WARN_UNREACHABLE_CODE = YES;
				CLANG_WARN__DUPLICATE_METHOD_MATCH = YES;
				COPY_PHASE_STRIP = NO;
				DEBUG_INFORMATION_FORMAT = "dwarf-with-dsym";
				ENABLE_NS_ASSERTIONS = NO;
				ENABLE_STRICT_OBJC_MSGSEND = YES;
				GCC_C_LANGUAGE_STANDARD = gnu11;
				GCC_NO_COMMON_BLOCKS = YES;
				GCC_WARN_64_TO_32_BIT_CONVERSION = YES;
				GCC_WARN_ABOUT_RETURN_TYPE = YES_ERROR;
				GCC_WARN_UNDECLARED_SELECTOR = YES;
				GCC_WARN_UNINITIALIZED_AUTOS = YES_AGGRESSIVE;
				GCC_WARN_UNUSED_FUNCTION = YES;
				GCC_WARN_UNUSED_VARIABLE = YES;
				IPHONEOS_DEPLOYMENT_TARGET = 13.5;
				MTL_ENABLE_DEBUG_INFO = NO;
				MTL_FAST_MATH = YES;
				SDKROOT = iphoneos;
				SWIFT_COMPILATION_MODE = wholemodule;
				SWIFT_OPTIMIZATION_LEVEL = "-O";
				VALIDATE_PRODUCT = YES;
			};
			name = Release;
		};
		AEAEA9AF248E0EE1005F4582 /* Debug */ = {
			isa = XCBuildConfiguration;
			buildSettings = {
				ASSETCATALOG_COMPILER_APPICON_NAME = AppIcon;
				CODE_SIGN_ENTITLEMENTS = IssueTracker/IssueTracker.entitlements;
				CODE_SIGN_IDENTITY = "Apple Development";
				CODE_SIGN_STYLE = Automatic;
				DEVELOPMENT_TEAM = B3PWYBKFUK;
				INFOPLIST_FILE = IssueTracker/Supports/Info.plist;
				LD_RUNPATH_SEARCH_PATHS = (
					"$(inherited)",
					"@executable_path/Frameworks",
				);
				PRODUCT_BUNDLE_IDENTIFIER = cLoud.IssueTracker.codesquad;
				PRODUCT_NAME = "$(TARGET_NAME)";
				PROVISIONING_PROFILE_SPECIFIER = "";
				SWIFT_VERSION = 5.0;
				TARGETED_DEVICE_FAMILY = "1,2";
			};
			name = Debug;
		};
		AEAEA9B0248E0EE1005F4582 /* Release */ = {
			isa = XCBuildConfiguration;
			buildSettings = {
				ASSETCATALOG_COMPILER_APPICON_NAME = AppIcon;
				CODE_SIGN_ENTITLEMENTS = IssueTracker/IssueTracker.entitlements;
				CODE_SIGN_IDENTITY = "Apple Development";
				CODE_SIGN_STYLE = Automatic;
				DEVELOPMENT_TEAM = B3PWYBKFUK;
				INFOPLIST_FILE = IssueTracker/Supports/Info.plist;
				LD_RUNPATH_SEARCH_PATHS = (
					"$(inherited)",
					"@executable_path/Frameworks",
				);
				PRODUCT_BUNDLE_IDENTIFIER = cLoud.IssueTracker.codesquad;
				PRODUCT_NAME = "$(TARGET_NAME)";
				PROVISIONING_PROFILE_SPECIFIER = "";
				SWIFT_VERSION = 5.0;
				TARGETED_DEVICE_FAMILY = "1,2";
			};
			name = Release;
		};
		AEAEA9B2248E0EE1005F4582 /* Debug */ = {
			isa = XCBuildConfiguration;
			buildSettings = {
				ALWAYS_EMBED_SWIFT_STANDARD_LIBRARIES = YES;
				BUNDLE_LOADER = "$(TEST_HOST)";
				CODE_SIGN_STYLE = Automatic;
				DEVELOPMENT_TEAM = 6HG325P9V2;
				INFOPLIST_FILE = IssueTrackerTests/Info.plist;
				IPHONEOS_DEPLOYMENT_TARGET = 13.5;
				LD_RUNPATH_SEARCH_PATHS = (
					"$(inherited)",
					"@executable_path/Frameworks",
					"@loader_path/Frameworks",
				);
				PRODUCT_BUNDLE_IDENTIFIER = cLoud.IssueTrackerTests;
				PRODUCT_NAME = "$(TARGET_NAME)";
				SWIFT_VERSION = 5.0;
				TARGETED_DEVICE_FAMILY = "1,2";
				TEST_HOST = "$(BUILT_PRODUCTS_DIR)/IssueTracker.app/IssueTracker";
			};
			name = Debug;
		};
		AEAEA9B3248E0EE1005F4582 /* Release */ = {
			isa = XCBuildConfiguration;
			buildSettings = {
				ALWAYS_EMBED_SWIFT_STANDARD_LIBRARIES = YES;
				BUNDLE_LOADER = "$(TEST_HOST)";
				CODE_SIGN_STYLE = Automatic;
				DEVELOPMENT_TEAM = 6HG325P9V2;
				INFOPLIST_FILE = IssueTrackerTests/Info.plist;
				IPHONEOS_DEPLOYMENT_TARGET = 13.5;
				LD_RUNPATH_SEARCH_PATHS = (
					"$(inherited)",
					"@executable_path/Frameworks",
					"@loader_path/Frameworks",
				);
				PRODUCT_BUNDLE_IDENTIFIER = cLoud.IssueTrackerTests;
				PRODUCT_NAME = "$(TARGET_NAME)";
				SWIFT_VERSION = 5.0;
				TARGETED_DEVICE_FAMILY = "1,2";
				TEST_HOST = "$(BUILT_PRODUCTS_DIR)/IssueTracker.app/IssueTracker";
			};
			name = Release;
		};
/* End XCBuildConfiguration section */

/* Begin XCConfigurationList section */
		AEAEA987248E0EDF005F4582 /* Build configuration list for PBXProject "IssueTracker" */ = {
			isa = XCConfigurationList;
			buildConfigurations = (
				AEAEA9AC248E0EE1005F4582 /* Debug */,
				AEAEA9AD248E0EE1005F4582 /* Release */,
			);
			defaultConfigurationIsVisible = 0;
			defaultConfigurationName = Release;
		};
		AEAEA9AE248E0EE1005F4582 /* Build configuration list for PBXNativeTarget "IssueTracker" */ = {
			isa = XCConfigurationList;
			buildConfigurations = (
				AEAEA9AF248E0EE1005F4582 /* Debug */,
				AEAEA9B0248E0EE1005F4582 /* Release */,
			);
			defaultConfigurationIsVisible = 0;
			defaultConfigurationName = Release;
		};
		AEAEA9B1248E0EE1005F4582 /* Build configuration list for PBXNativeTarget "IssueTrackerTests" */ = {
			isa = XCConfigurationList;
			buildConfigurations = (
				AEAEA9B2248E0EE1005F4582 /* Debug */,
				AEAEA9B3248E0EE1005F4582 /* Release */,
			);
			defaultConfigurationIsVisible = 0;
			defaultConfigurationName = Release;
		};
/* End XCConfigurationList section */

/* Begin XCRemoteSwiftPackageReference section */
		AE8CA346248F7D6E0076507B /* XCRemoteSwiftPackageReference "SnapKit" */ = {
			isa = XCRemoteSwiftPackageReference;
			repositoryURL = "https://github.com/SnapKit/SnapKit.git";
			requirement = {
				kind = upToNextMajorVersion;
				minimumVersion = 5.0.1;
			};
		};
/* End XCRemoteSwiftPackageReference section */

/* Begin XCSwiftPackageProductDependency section */
		AE8CA347248F7D6E0076507B /* SnapKit */ = {
			isa = XCSwiftPackageProductDependency;
			package = AE8CA346248F7D6E0076507B /* XCRemoteSwiftPackageReference "SnapKit" */;
			productName = SnapKit;
		};
/* End XCSwiftPackageProductDependency section */

/* Begin XCVersionGroup section */
		AEAEA998248E0EDF005F4582 /* IssueTracker.xcdatamodeld */ = {
			isa = XCVersionGroup;
			children = (
				AEAEA999248E0EDF005F4582 /* IssueTracker.xcdatamodel */,
			);
			currentVersion = AEAEA999248E0EDF005F4582 /* IssueTracker.xcdatamodel */;
			path = IssueTracker.xcdatamodeld;
			sourceTree = "<group>";
			versionGroupType = wrapper.xcdatamodel;
		};
/* End XCVersionGroup section */
	};
	rootObject = AEAEA984248E0EDF005F4582 /* Project object */;
}
